
Microsoft Visual Studio Solution File, Format Version 12.00
# Visual Studio Version 17
VisualStudioVersion = 17.0.31903.59
MinimumVisualStudioVersion = 10.0.40219.1
Project("{FAE04EC0-301F-11D3-BF4B-00C04F79EFBC}") = "WoofWare.DotnetRuntimeLocator", "WoofWare.DotnetRuntimeLocator\WoofWare.DotnetRuntimeLocator.csproj", "{6AEC4B30-8AFE-4071-A5FB-DBA6EB2D8194}"
EndProject
Project("{F2A71F9B-5D33-465A-A702-920D77279786}") = "Test", "WoofWare.DotnetRuntimeLocator\Test\Test.fsproj", "{7123924E-E6C5-4612-9E2E-2C4B8D14C7B2}"
EndProject
Project("{F2A71F9B-5D33-465A-A702-920D77279786}") = "Example", "Example\Example.fsproj", "{C295BC67-F932-4225-9183-7173B26E1F9E}"
EndProject
Global
	GlobalSection(SolutionConfigurationPlatforms) = preSolution
		Debug|Any CPU = Debug|Any CPU
		Release|Any CPU = Release|Any CPU
	EndGlobalSection
	GlobalSection(SolutionProperties) = preSolution
		HideSolutionNode = FALSE
	EndGlobalSection
	GlobalSection(ProjectConfigurationPlatforms) = postSolution
		{6AEC4B30-8AFE-4071-A5FB-DBA6EB2D8194}.Debug|Any CPU.ActiveCfg = Debug|Any CPU
		{6AEC4B30-8AFE-4071-A5FB-DBA6EB2D8194}.Debug|Any CPU.Build.0 = Debug|Any CPU
		{6AEC4B30-8AFE-4071-A5FB-DBA6EB2D8194}.Release|Any CPU.ActiveCfg = Release|Any CPU
		{6AEC4B30-8AFE-4071-A5FB-DBA6EB2D8194}.Release|Any CPU.Build.0 = Release|Any CPU
		{7123924E-E6C5-4612-9E2E-2C4B8D14C7B2}.Debug|Any CPU.ActiveCfg = Debug|Any CPU
		{7123924E-E6C5-4612-9E2E-2C4B8D14C7B2}.Debug|Any CPU.Build.0 = Debug|Any CPU
		{7123924E-E6C5-4612-9E2E-2C4B8D14C7B2}.Release|Any CPU.ActiveCfg = Release|Any CPU
		{7123924E-E6C5-4612-9E2E-2C4B8D14C7B2}.Release|Any CPU.Build.0 = Release|Any CPU
		{C295BC67-F932-4225-9183-7173B26E1F9E}.Debug|Any CPU.ActiveCfg = Debug|Any CPU
		{C295BC67-F932-4225-9183-7173B26E1F9E}.Debug|Any CPU.Build.0 = Debug|Any CPU
		{C295BC67-F932-4225-9183-7173B26E1F9E}.Release|Any CPU.ActiveCfg = Release|Any CPU
		{C295BC67-F932-4225-9183-7173B26E1F9E}.Release|Any CPU.Build.0 = Release|Any CPU
	EndGlobalSection
EndGlobal
